
Microsoft Visual Studio Solution File, Format Version 12.00
Project("{FAE04EC0-301F-11D3-BF4B-00C04F79EFBC}") = "CommSchool_Homeworks", "CommSchool_Homeworks\CommSchool_Homeworks.csproj", "{6A5158D4-02EC-493E-94C8-258F03B1A0C9}"
EndProject
Project("{FAE04EC0-301F-11D3-BF4B-00C04F79EFBC}") = "ClassWork-1", "ClassWork-1\ClassWork-1.csproj", "{0C1D6395-1D9C-45B3-B9A6-79C75EE43BAC}"
EndProject
Project("{FAE04EC0-301F-11D3-BF4B-00C04F79EFBC}") = "Homework-6", "Homework-6\Homework-6.csproj", "{08834647-5483-4330-890C-69EAB357902E}"
EndProject
Project("{FAE04EC0-301F-11D3-BF4B-00C04F79EFBC}") = "Classwork-2", "Classwork-2\Classwork-2.csproj", "{4F5F17BE-BE80-43F2-872C-F3EAD8656115}"
EndProject
Project("{FAE04EC0-301F-11D3-BF4B-00C04F79EFBC}") = "Homework-7", "Homework-7\Homework-7.csproj", "{F4038EBC-982C-4001-8C83-4AF9A7E151B7}"
EndProject
Project("{FAE04EC0-301F-11D3-BF4B-00C04F79EFBC}") = "Homework-8", "Homework-8\Homework-8.csproj", "{2B9D324F-5AF2-49AE-B292-D539D62A19F4}"
EndProject
Project("{FAE04EC0-301F-11D3-BF4B-00C04F79EFBC}") = "Homework-9", "Homework-9\Homework-9.csproj", "{02F8D89D-AF11-4557-A86D-ECA4EF042AF5}"
EndProject
Project("{FAE04EC0-301F-11D3-BF4B-00C04F79EFBC}") = "Homework-10", "Homework-10\Homework-10.csproj", "{1E8A9111-19C1-46E1-AB76-AD487F014721}"
EndProject
Project("{FAE04EC0-301F-11D3-BF4B-00C04F79EFBC}") = "Classwork-11", "Classwork-11\Classwork-11.csproj", "{D2D524AD-8F60-4203-ADA1-C3D18B87FCFC}"
EndProject
Global
	GlobalSection(SolutionConfigurationPlatforms) = preSolution
		Debug|Any CPU = Debug|Any CPU
		Release|Any CPU = Release|Any CPU
	EndGlobalSection
	GlobalSection(ProjectConfigurationPlatforms) = postSolution
		{6A5158D4-02EC-493E-94C8-258F03B1A0C9}.Debug|Any CPU.ActiveCfg = Debug|Any CPU
		{6A5158D4-02EC-493E-94C8-258F03B1A0C9}.Debug|Any CPU.Build.0 = Debug|Any CPU
		{6A5158D4-02EC-493E-94C8-258F03B1A0C9}.Release|Any CPU.ActiveCfg = Release|Any CPU
		{6A5158D4-02EC-493E-94C8-258F03B1A0C9}.Release|Any CPU.Build.0 = Release|Any CPU
		{0C1D6395-1D9C-45B3-B9A6-79C75EE43BAC}.Debug|Any CPU.ActiveCfg = Debug|Any CPU
		{0C1D6395-1D9C-45B3-B9A6-79C75EE43BAC}.Debug|Any CPU.Build.0 = Debug|Any CPU
		{0C1D6395-1D9C-45B3-B9A6-79C75EE43BAC}.Release|Any CPU.ActiveCfg = Release|Any CPU
		{0C1D6395-1D9C-45B3-B9A6-79C75EE43BAC}.Release|Any CPU.Build.0 = Release|Any CPU
		{08834647-5483-4330-890C-69EAB357902E}.Debug|Any CPU.ActiveCfg = Debug|Any CPU
		{08834647-5483-4330-890C-69EAB357902E}.Debug|Any CPU.Build.0 = Debug|Any CPU
		{08834647-5483-4330-890C-69EAB357902E}.Release|Any CPU.ActiveCfg = Release|Any CPU
		{08834647-5483-4330-890C-69EAB357902E}.Release|Any CPU.Build.0 = Release|Any CPU
		{4F5F17BE-BE80-43F2-872C-F3EAD8656115}.Debug|Any CPU.ActiveCfg = Debug|Any CPU
		{4F5F17BE-BE80-43F2-872C-F3EAD8656115}.Debug|Any CPU.Build.0 = Debug|Any CPU
		{4F5F17BE-BE80-43F2-872C-F3EAD8656115}.Release|Any CPU.ActiveCfg = Release|Any CPU
		{4F5F17BE-BE80-43F2-872C-F3EAD8656115}.Release|Any CPU.Build.0 = Release|Any CPU
		{F4038EBC-982C-4001-8C83-4AF9A7E151B7}.Debug|Any CPU.ActiveCfg = Debug|Any CPU
		{F4038EBC-982C-4001-8C83-4AF9A7E151B7}.Debug|Any CPU.Build.0 = Debug|Any CPU
		{F4038EBC-982C-4001-8C83-4AF9A7E151B7}.Release|Any CPU.ActiveCfg = Release|Any CPU
		{F4038EBC-982C-4001-8C83-4AF9A7E151B7}.Release|Any CPU.Build.0 = Release|Any CPU
		{2B9D324F-5AF2-49AE-B292-D539D62A19F4}.Debug|Any CPU.ActiveCfg = Debug|Any CPU
		{2B9D324F-5AF2-49AE-B292-D539D62A19F4}.Debug|Any CPU.Build.0 = Debug|Any CPU
		{2B9D324F-5AF2-49AE-B292-D539D62A19F4}.Release|Any CPU.ActiveCfg = Release|Any CPU
		{2B9D324F-5AF2-49AE-B292-D539D62A19F4}.Release|Any CPU.Build.0 = Release|Any CPU
		{02F8D89D-AF11-4557-A86D-ECA4EF042AF5}.Debug|Any CPU.ActiveCfg = Debug|Any CPU
		{02F8D89D-AF11-4557-A86D-ECA4EF042AF5}.Debug|Any CPU.Build.0 = Debug|Any CPU
		{02F8D89D-AF11-4557-A86D-ECA4EF042AF5}.Release|Any CPU.ActiveCfg = Release|Any CPU
		{02F8D89D-AF11-4557-A86D-ECA4EF042AF5}.Release|Any CPU.Build.0 = Release|Any CPU
		{1E8A9111-19C1-46E1-AB76-AD487F014721}.Debug|Any CPU.ActiveCfg = Debug|Any CPU
		{1E8A9111-19C1-46E1-AB76-AD487F014721}.Debug|Any CPU.Build.0 = Debug|Any CPU
		{1E8A9111-19C1-46E1-AB76-AD487F014721}.Release|Any CPU.ActiveCfg = Release|Any CPU
		{1E8A9111-19C1-46E1-AB76-AD487F014721}.Release|Any CPU.Build.0 = Release|Any CPU
		{D2D524AD-8F60-4203-ADA1-C3D18B87FCFC}.Debug|Any CPU.ActiveCfg = Debug|Any CPU
		{D2D524AD-8F60-4203-ADA1-C3D18B87FCFC}.Debug|Any CPU.Build.0 = Debug|Any CPU
		{D2D524AD-8F60-4203-ADA1-C3D18B87FCFC}.Release|Any CPU.ActiveCfg = Release|Any CPU
		{D2D524AD-8F60-4203-ADA1-C3D18B87FCFC}.Release|Any CPU.Build.0 = Release|Any CPU
	EndGlobalSection
EndGlobal
